
Microsoft Visual Studio Solution File, Format Version 12.00
# Visual Studio Version 17
VisualStudioVersion = 17.0.31912.275
MinimumVisualStudioVersion = 10.0.40219.1
Project("{9A19103F-16F7-4668-BE54-9A1E7A4F7556}") = "KTC Scraper", "KTC Scraper.csproj", "{A6731160-3C14-4DA8-B6F8-88A06B2330AA}"
EndProject
Global
	GlobalSection(SolutionConfigurationPlatforms) = preSolution
		Debug|Any CPU = Debug|Any CPU
		Release|Any CPU = Release|Any CPU
	EndGlobalSection
	GlobalSection(ProjectConfigurationPlatforms) = postSolution
		{A6731160-3C14-4DA8-B6F8-88A06B2330AA}.Debug|Any CPU.ActiveCfg = Debug|Any CPU
		{A6731160-3C14-4DA8-B6F8-88A06B2330AA}.Debug|Any CPU.Build.0 = Debug|Any CPU
		{A6731160-3C14-4DA8-B6F8-88A06B2330AA}.Release|Any CPU.ActiveCfg = Release|Any CPU
		{A6731160-3C14-4DA8-B6F8-88A06B2330AA}.Release|Any CPU.Build.0 = Release|Any CPU
	EndGlobalSection
	GlobalSection(SolutionProperties) = preSolution
		HideSolutionNode = FALSE
	EndGlobalSection
	GlobalSection(ExtensibilityGlobals) = postSolution
		SolutionGuid = {3F14F69C-5465-4AD3-B364-3E0151E0A39A}
	EndGlobalSection
EndGlobal
